
Microsoft Visual Studio Solution File, Format Version 12.00
# Visual Studio Version 16
VisualStudioVersion = 16.0.31410.357
MinimumVisualStudioVersion = 10.0.40219.1
Project("{9A19103F-16F7-4668-BE54-9A1E7A4F7556}") = "DIO.Series", "DIO.Series.csproj", "{A9E7EF9F-3F65-4276-A15E-947FDC5FA4A6}"
EndProject
Global
	GlobalSection(SolutionConfigurationPlatforms) = preSolution
		Debug|Any CPU = Debug|Any CPU
		Release|Any CPU = Release|Any CPU
	EndGlobalSection
	GlobalSection(ProjectConfigurationPlatforms) = postSolution
		{A9E7EF9F-3F65-4276-A15E-947FDC5FA4A6}.Debug|Any CPU.ActiveCfg = Debug|Any CPU
		{A9E7EF9F-3F65-4276-A15E-947FDC5FA4A6}.Debug|Any CPU.Build.0 = Debug|Any CPU
		{A9E7EF9F-3F65-4276-A15E-947FDC5FA4A6}.Release|Any CPU.ActiveCfg = Release|Any CPU
		{A9E7EF9F-3F65-4276-A15E-947FDC5FA4A6}.Release|Any CPU.Build.0 = Release|Any CPU
	EndGlobalSection
	GlobalSection(SolutionProperties) = preSolution
		HideSolutionNode = FALSE
	EndGlobalSection
	GlobalSection(ExtensibilityGlobals) = postSolution
		SolutionGuid = {E7E775CF-714D-4CFD-8DF0-9B42F1006CDF}
	EndGlobalSection
EndGlobal
